<?xml version="1.0" encoding="utf-8"?>
<Project ToolsVersion="4.0" xmlns="http://schemas.microsoft.com/developer/msbuild/2003">
  <ItemGroup>
    <Filter Include="Source Files">
      <UniqueIdentifier>{4FC737F1-C7A5-4376-A066-2A32D752A2FF}</UniqueIdentifier>
      <Extensions>cpp;c;cc;cxx;c++;cppm;ixx;def;odl;idl;hpj;bat;asm;asmx</Extensions>
    </Filter>
    <Filter Include="Header Files">
      <UniqueIdentifier>{93995380-89BD-4b04-88EB-625FBE52EBFB}</UniqueIdentifier>
      <Extensions>h;hh;hpp;hxx;h++;hm;inl;inc;ipp;xsd</Extensions>
    </Filter>
    <Filter Include="Resource Files">
      <UniqueIdentifier>{67DA6AB6-F800-4c08-8B7A-83BB121AAD01}</UniqueIdentifier>
      <Extensions>rc;ico;cur;bmp;dlg;rc2;rct;bin;rgs;gif;jpg;jpeg;jpe;resx;tiff;tif;png;wav;mfcribbon-ms</Extensions>
    </Filter>
    <Filter Include="src">
      <UniqueIdentifier>{cf6b3234-6325-41dc-af4c-7a76de4049e1}</UniqueIdentifier>
    </Filter>
    <Filter Include="src\sari">
      <UniqueIdentifier>{d313736d-7cca-4b83-9c90-ff2edde9c423}</UniqueIdentifier>
    </Filter>
    <Filter Include="src\sari\utils">
      <UniqueIdentifier>{5e319495-adc4-4044-bed5-502f9bb40f7e}</UniqueIdentifier>
    </Filter>
    <Filter Include="src\sari\stream">
      <UniqueIdentifier>{ff47df5d-b745-4844-acaa-b4956c449219}</UniqueIdentifier>
    </Filter>
    <Filter Include="src\sari\socks5">
      <UniqueIdentifier>{cf8b384a-2701-47b0-9ce2-4142aba5aa76}</UniqueIdentifier>
    </Filter>
    <Filter Include="src\sari\asio">
      <UniqueIdentifier>{5c8e9436-3e0d-4584-9768-cd6a25a13b4b}</UniqueIdentifier>
    </Filter>
    <Filter Include="src\sari\string">
      <UniqueIdentifier>{9a2596f3-ad00-4bbe-bbf6-5b34027b6d3d}</UniqueIdentifier>
    </Filter>
    <Filter Include="src\sari\net">
      <UniqueIdentifier>{c340f775-8e14-4f9c-b9fd-2a0f6c5f31c6}</UniqueIdentifier>
    </Filter>
  </ItemGroup>
  <ItemGroup>
    <ClCompile Include="SariLib.cpp">
      <Filter>Source Files</Filter>
    </ClCompile>
  </ItemGroup>
  <ItemGroup>
    <ClInclude Include="FunctionSignature.h">
      <Filter>Header Files</Filter>
    </ClInclude>
    <ClInclude Include="AnyFunction.h">
      <Filter>Header Files</Filter>
    </ClInclude>
    <ClInclude Include="Promise.h">
      <Filter>Header Files</Filter>
    </ClInclude>
    <ClInclude Include="Asio.h">
      <Filter>Header Files</Filter>
    </ClInclude>
    <ClInclude Include="ForwardStream.h">
      <Filter>Header Files</Filter>
    </ClInclude>
    <ClInclude Include="src\sari\utils\any_function.h">
      <Filter>src\sari\utils</Filter>
    </ClInclude>
    <ClInclude Include="src\sari\utils\function_signature.h">
      <Filter>src\sari\utils</Filter>
    </ClInclude>
    <ClInclude Include="src\sari\utils\promise.h">
      <Filter>src\sari\utils</Filter>
    </ClInclude>
    <ClInclude Include="src\sari\socks5\addr.h">
      <Filter>src\sari\socks5</Filter>
    </ClInclude>
    <ClInclude Include="src\sari\socks5\cmd_reply.h">
      <Filter>src\sari\socks5</Filter>
    </ClInclude>
    <ClInclude Include="src\sari\socks5\cmd_req.h">
      <Filter>src\sari\socks5</Filter>
    </ClInclude>
    <ClInclude Include="src\sari\socks5\errc.h">
      <Filter>src\sari\socks5</Filter>
    </ClInclude>
    <ClInclude Include="src\sari\socks5\meth_reply.h">
      <Filter>src\sari\socks5</Filter>
    </ClInclude>
    <ClInclude Include="src\sari\socks5\meth_req.h">
      <Filter>src\sari\socks5</Filter>
    </ClInclude>
    <ClInclude Include="src\sari\socks5\raw.h">
      <Filter>src\sari\socks5</Filter>
    </ClInclude>
    <ClInclude Include="src\sari\socks5\socks5.h">
      <Filter>src\sari\socks5</Filter>
    </ClInclude>
    <ClInclude Include="src\sari\asio\asio.h">
      <Filter>src\sari\asio</Filter>
    </ClInclude>
    <ClInclude Include="src\sari\string\split.h">
      <Filter>src\sari\string</Filter>
    </ClInclude>
    <ClInclude Include="src\sari\string\range.h">
      <Filter>src\sari\string</Filter>
    </ClInclude>
    <ClInclude Include="src\sari\string\split_base.h">
      <Filter>src\sari\string</Filter>
    </ClInclude>
    <ClInclude Include="src\sari\string\split_by_string.h">
      <Filter>src\sari\string</Filter>
    </ClInclude>
    <ClInclude Include="src\sari\string\split_by_blank.h">
      <Filter>src\sari\string</Filter>
    </ClInclude>
    <ClInclude Include="src\sari\string\split_by_char.h">
      <Filter>src\sari\string</Filter>
    </ClInclude>
    <ClInclude Include="src\sari\string\trim.h">
      <Filter>src\sari\string</Filter>
    </ClInclude>
    <ClInclude Include="src\sari\utils\dlinked_list.h">
      <Filter>src\sari\utils</Filter>
    </ClInclude>
    <ClInclude Include="src\sari\utils\exchanger.h">
      <Filter>src\sari\utils</Filter>
    </ClInclude>
    <ClInclude Include="src\sari\net\server.h">
      <Filter>src\sari\net</Filter>
    </ClInclude>
    <ClInclude Include="src\sari\stream\twowaystream.h">
      <Filter>src\sari\stream</Filter>
    </ClInclude>
    <ClInclude Include="src\sari\stream\transfer.h">
      <Filter>src\sari\stream</Filter>
    </ClInclude>
  </ItemGroup>
</Project>